
Microsoft Visual Studio Solution File, Format Version 12.00
# Visual Studio Version 17
VisualStudioVersion = 17.8.34525.116
MinimumVisualStudioVersion = 10.0.40219.1
Project("{FAE04EC0-301F-11D3-BF4B-00C04F79EFBC}") = "ADO.NET_HW_03_10", "ADO.NET_HW_03_10.csproj", "{71E91A47-B7BE-420C-A17C-3ABF5496AEB0}"
EndProject
Global
	GlobalSection(SolutionConfigurationPlatforms) = preSolution
		Debug|Any CPU = Debug|Any CPU
		Release|Any CPU = Release|Any CPU
	EndGlobalSection
	GlobalSection(ProjectConfigurationPlatforms) = postSolution
		{71E91A47-B7BE-420C-A17C-3ABF5496AEB0}.Debug|Any CPU.ActiveCfg = Debug|Any CPU
		{71E91A47-B7BE-420C-A17C-3ABF5496AEB0}.Debug|Any CPU.Build.0 = Debug|Any CPU
		{71E91A47-B7BE-420C-A17C-3ABF5496AEB0}.Release|Any CPU.ActiveCfg = Release|Any CPU
		{71E91A47-B7BE-420C-A17C-3ABF5496AEB0}.Release|Any CPU.Build.0 = Release|Any CPU
	EndGlobalSection
	GlobalSection(SolutionProperties) = preSolution
		HideSolutionNode = FALSE
	EndGlobalSection
	GlobalSection(ExtensibilityGlobals) = postSolution
		SolutionGuid = {893B7263-81F1-44C0-A889-33940601ABD1}
	EndGlobalSection
EndGlobal
